{
  "nodes": {
    "flake-utils": {
      "inputs": {
        "systems": "systems"
      },
      "locked": {
        "lastModified": 1726560853,
        "narHash": "sha256-X6rJYSESBVr3hBoH0WbKE5KvhPU5bloyZ2L4K60/fPQ=",
        "owner": "numtide",
        "repo": "flake-utils",
        "rev": "c1dfcf08411b08f6b8615f7d8971a2bfa81d5e8a",
        "type": "github"
      },
      "original": {
        "owner": "numtide",
        "repo": "flake-utils",
        "type": "github"
      }
    },
    "nixpkgs": {
      "locked": {
        "lastModified": 1728805729,
        "narHash": "sha256-RzidmCG/HwaC4xpKyWt6t2qppA8TXt1VnAUVXrn3wrM=",
        "owner": "NixOS",
        "repo": "nixpkgs",
        "rev": "09a89a1fe81124d2bb104b97d0c734ba60a2f0eb",
        "type": "github"
      },
      "original": {
        "owner": "NixOS",
        "repo": "nixpkgs",
        "rev": "09a89a1fe81124d2bb104b97d0c734ba60a2f0eb",
        "type": "github"
      }
    },
    "pricehist": {
      "flake": false,
      "locked": {
        "lastModified": 1726402630,
        "narHash": "sha256-XcwF7tjPuNi+VHD/wDq4N9fZ0E3d75eTGri07opyHpQ=",
        "owner": "chrisberkhout",
        "repo": "pricehist",
        "rev": "3aa09084edda3a9d54c7a2f80b4fa58d81544cd6",
        "type": "github"
      },
      "original": {
        "owner": "chrisberkhout",
        "repo": "pricehist",
        "type": "github"
      }
    },
    "root": {
      "inputs": {
        "flake-utils": "flake-utils",
        "nixpkgs": "nixpkgs",
        "pricehist": "pricehist",
        "systems": "systems_2",
        "treefmt-nix": "treefmt-nix"
      }
    },
    "systems": {
      "locked": {
        "lastModified": 1681028828,
        "narHash": "sha256-Vy1rq5AaRuLzOxct8nz4T6wlgyUR7zLU309k9mBC768=",
        "owner": "nix-systems",
        "repo": "default",
        "rev": "da67096a3b9bf56a91d16901293e51ba5b49a27e",
        "type": "github"
      },
      "original": {
        "owner": "nix-systems",
        "repo": "default",
        "type": "github"
      }
    },
    "systems_2": {
      "locked": {
        "lastModified": 1681028828,
        "narHash": "sha256-Vy1rq5AaRuLzOxct8nz4T6wlgyUR7zLU309k9mBC768=",
        "owner": "nix-systems",
        "repo": "default",
        "rev": "da67096a3b9bf56a91d16901293e51ba5b49a27e",
        "type": "github"
      },
      "original": {
        "owner": "nix-systems",
        "repo": "default",
        "type": "github"
      }
    },
    "treefmt-nix": {
      "inputs": {
        "nixpkgs": [
          "nixpkgs"
        ]
      },
      "locked": {
        "lastModified": 1730025913,
        "narHash": "sha256-Y9NtFmP8ciLyRsopcCx1tyoaaStKeq+EndwtGCgww7I=",
        "owner": "numtide",
        "repo": "treefmt-nix",
        "rev": "bae131e525cc8718da22fbeb8d8c7c43c4ea502a",
        "type": "github"
      },
      "original": {
        "owner": "numtide",
        "repo": "treefmt-nix",
        "type": "github"
      }
    }
  },
  "root": "root",
  "version": 7
}
